// !$*UTF8*$!
{
	archiveVersion = 1;
	classes = {
	};
	objectVersion = 77;
	objects = {

/* Begin PBXBuildFile section */
		CC42470C2CECC73200975C20 /* AVFoundation.framework in Frameworks */ = {isa = PBXBuildFile; fileRef = CC42470B2CECC73200975C20 /* AVFoundation.framework */; };
		CC42470E2CECC73C00975C20 /* CoreML.framework in Frameworks */ = {isa = PBXBuildFile; fileRef = CC42470D2CECC73B00975C20 /* CoreML.framework */; };
		CC4247102CECC74300975C20 /* Vision.framework in Frameworks */ = {isa = PBXBuildFile; fileRef = CC42470F2CECC74300975C20 /* Vision.framework */; };
/* End PBXBuildFile section */

/* Begin PBXContainerItemProxy section */
		CC4246E62CECC26400975C20 /* PBXContainerItemProxy */ = {
			isa = PBXContainerItemProxy;
			containerPortal = CC4246CD2CECC26300975C20 /* Project object */;
			proxyType = 1;
			remoteGlobalIDString = CC4246D42CECC26300975C20;
			remoteInfo = EmotionRecognitionApp2;
		};
		CC4246F02CECC26400975C20 /* PBXContainerItemProxy */ = {
			isa = PBXContainerItemProxy;
			containerPortal = CC4246CD2CECC26300975C20 /* Project object */;
			proxyType = 1;
			remoteGlobalIDString = CC4246D42CECC26300975C20;
			remoteInfo = EmotionRecognitionApp2;
		};
/* End PBXContainerItemProxy section */

/* Begin PBXFileReference section */
		CC4246D52CECC26300975C20 /* EmotionRecognitionApp2.app */ = {isa = PBXFileReference; explicitFileType = wrapper.application; includeInIndex = 0; path = EmotionRecognitionApp2.app; sourceTree = BUILT_PRODUCTS_DIR; };
		CC4246E52CECC26400975C20 /* EmotionRecognitionApp2Tests.xctest */ = {isa = PBXFileReference; explicitFileType = wrapper.cfbundle; includeInIndex = 0; path = EmotionRecognitionApp2Tests.xctest; sourceTree = BUILT_PRODUCTS_DIR; };
		CC4246EF2CECC26400975C20 /* EmotionRecognitionApp2UITests.xctest */ = {isa = PBXFileReference; explicitFileType = wrapper.cfbundle; includeInIndex = 0; path = EmotionRecognitionApp2UITests.xctest; sourceTree = BUILT_PRODUCTS_DIR; };
		CC42470B2CECC73200975C20 /* AVFoundation.framework */ = {isa = PBXFileReference; lastKnownFileType = wrapper.framework; name = AVFoundation.framework; path = System/Library/Frameworks/AVFoundation.framework; sourceTree = SDKROOT; };
		CC42470D2CECC73B00975C20 /* CoreML.framework */ = {isa = PBXFileReference; lastKnownFileType = wrapper.framework; name = CoreML.framework; path = System/Library/Frameworks/CoreML.framework; sourceTree = SDKROOT; };
		CC42470F2CECC74300975C20 /* Vision.framework */ = {isa = PBXFileReference; lastKnownFileType = wrapper.framework; name = Vision.framework; path = System/Library/Frameworks/Vision.framework; sourceTree = SDKROOT; };
/* End PBXFileReference section */

/* Begin PBXFileSystemSynchronizedRootGroup section */
		CC4246D72CECC26300975C20 /* EmotionRecognitionApp2 */ = {
			isa = PBXFileSystemSynchronizedRootGroup;
			path = EmotionRecognitionApp2;
			sourceTree = "<group>";
		};
		CC4246E82CECC26400975C20 /* EmotionRecognitionApp2Tests */ = {
			isa = PBXFileSystemSynchronizedRootGroup;
			path = EmotionRecognitionApp2Tests;
			sourceTree = "<group>";
		};
		CC4246F22CECC26400975C20 /* EmotionRecognitionApp2UITests */ = {
			isa = PBXFileSystemSynchronizedRootGroup;
			path = EmotionRecognitionApp2UITests;
			sourceTree = "<group>";
		};
/* End PBXFileSystemSynchronizedRootGroup section */

/* Begin PBXFrameworksBuildPhase section */
		CC4246D22CECC26300975C20 /* Frameworks */ = {
			isa = PBXFrameworksBuildPhase;
			buildActionMask = 2147483647;
			files = (
				CC42470E2CECC73C00975C20 /* CoreML.framework in Frameworks */,
				CC4247102CECC74300975C20 /* Vision.framework in Frameworks */,
				CC42470C2CECC73200975C20 /* AVFoundation.framework in Frameworks */,
			);
			runOnlyForDeploymentPostprocessing = 0;
		};
		CC4246E22CECC26400975C20 /* Frameworks */ = {
			isa = PBXFrameworksBuildPhase;
			buildActionMask = 2147483647;
			files = (
			);
			runOnlyForDeploymentPostprocessing = 0;
		};
		CC4246EC2CECC26400975C20 /* Frameworks */ = {
			isa = PBXFrameworksBuildPhase;
			buildActionMask = 2147483647;
			files = (
			);
			runOnlyForDeploymentPostprocessing = 0;
		};
/* End PBXFrameworksBuildPhase section */

/* Begin PBXGroup section */
		CC4246CC2CECC26300975C20 = {
			isa = PBXGroup;
			children = (
				CC4246D72CECC26300975C20 /* EmotionRecognitionApp2 */,
				CC4246E82CECC26400975C20 /* EmotionRecognitionApp2Tests */,
				CC4246F22CECC26400975C20 /* EmotionRecognitionApp2UITests */,
				CC42470A2CECC73200975C20 /* Frameworks */,
				CC4246D62CECC26300975C20 /* Products */,
			);
			sourceTree = "<group>";
		};
		CC4246D62CECC26300975C20 /* Products */ = {
			isa = PBXGroup;
			children = (
				CC4246D52CECC26300975C20 /* EmotionRecognitionApp2.app */,
				CC4246E52CECC26400975C20 /* EmotionRecognitionApp2Tests.xctest */,
				CC4246EF2CECC26400975C20 /* EmotionRecognitionApp2UITests.xctest */,
			);
			name = Products;
			sourceTree = "<group>";
		};
		CC42470A2CECC73200975C20 /* Frameworks */ = {
			isa = PBXGroup;
			children = (
				CC42470F2CECC74300975C20 /* Vision.framework */,
				CC42470D2CECC73B00975C20 /* CoreML.framework */,
				CC42470B2CECC73200975C20 /* AVFoundation.framework */,
			);
			name = Frameworks;
			sourceTree = "<group>";
		};
/* End PBXGroup section */

/* Begin PBXNativeTarget section */
		CC4246D42CECC26300975C20 /* EmotionRecognitionApp2 */ = {
			isa = PBXNativeTarget;
			buildConfigurationList = CC4246F92CECC26400975C20 /* Build configuration list for PBXNativeTarget "EmotionRecognitionApp2" */;
			buildPhases = (
				CC4246D12CECC26300975C20 /* Sources */,
				CC4246D22CECC26300975C20 /* Frameworks */,
				CC4246D32CECC26300975C20 /* Resources */,
			);
			buildRules = (
			);
			dependencies = (
			);
			fileSystemSynchronizedGroups = (
				CC4246D72CECC26300975C20 /* EmotionRecognitionApp2 */,
			);
			name = EmotionRecognitionApp2;
			packageProductDependencies = (
			);
			productName = EmotionRecognitionApp2;
			productReference = CC4246D52CECC26300975C20 /* EmotionRecognitionApp2.app */;
			productType = "com.apple.product-type.application";
		};
		CC4246E42CECC26400975C20 /* EmotionRecognitionApp2Tests */ = {
			isa = PBXNativeTarget;
			buildConfigurationList = CC4246FC2CECC26400975C20 /* Build configuration list for PBXNativeTarget "EmotionRecognitionApp2Tests" */;
			buildPhases = (
				CC4246E12CECC26400975C20 /* Sources */,
				CC4246E22CECC26400975C20 /* Frameworks */,
				CC4246E32CECC26400975C20 /* Resources */,
			);
			buildRules = (
			);
			dependencies = (
				CC4246E72CECC26400975C20 /* PBXTargetDependency */,
			);
			fileSystemSynchronizedGroups = (
				CC4246E82CECC26400975C20 /* EmotionRecognitionApp2Tests */,
			);
			name = EmotionRecognitionApp2Tests;
			packageProductDependencies = (
			);
			productName = EmotionRecognitionApp2Tests;
			productReference = CC4246E52CECC26400975C20 /* EmotionRecognitionApp2Tests.xctest */;
			productType = "com.apple.product-type.bundle.unit-test";
		};
		CC4246EE2CECC26400975C20 /* EmotionRecognitionApp2UITests */ = {
			isa = PBXNativeTarget;
			buildConfigurationList = CC4246FF2CECC26400975C20 /* Build configuration list for PBXNativeTarget "EmotionRecognitionApp2UITests" */;
			buildPhases = (
				CC4246EB2CECC26400975C20 /* Sources */,
				CC4246EC2CECC26400975C20 /* Frameworks */,
				CC4246ED2CECC26400975C20 /* Resources */,
			);
			buildRules = (
			);
			dependencies = (
				CC4246F12CECC26400975C20 /* PBXTargetDependency */,
			);
			fileSystemSynchronizedGroups = (
				CC4246F22CECC26400975C20 /* EmotionRecognitionApp2UITests */,
			);
			name = EmotionRecognitionApp2UITests;
			packageProductDependencies = (
			);
			productName = EmotionRecognitionApp2UITests;
			productReference = CC4246EF2CECC26400975C20 /* EmotionRecognitionApp2UITests.xctest */;
			productType = "com.apple.product-type.bundle.ui-testing";
		};
/* End PBXNativeTarget section */

/* Begin PBXProject section */
		CC4246CD2CECC26300975C20 /* Project object */ = {
			isa = PBXProject;
			attributes = {
				BuildIndependentTargetsInParallel = 1;
				LastSwiftUpdateCheck = 1610;
				LastUpgradeCheck = 1610;
				TargetAttributes = {
					CC4246D42CECC26300975C20 = {
						CreatedOnToolsVersion = 16.1;
					};
					CC4246E42CECC26400975C20 = {
						CreatedOnToolsVersion = 16.1;
						TestTargetID = CC4246D42CECC26300975C20;
					};
					CC4246EE2CECC26400975C20 = {
						CreatedOnToolsVersion = 16.1;
						TestTargetID = CC4246D42CECC26300975C20;
					};
				};
			};
			buildConfigurationList = CC4246D02CECC26300975C20 /* Build configuration list for PBXProject "EmotionRecognitionApp2" */;
			developmentRegion = en;
			hasScannedForEncodings = 0;
			knownRegions = (
				en,
				Base,
			);
			mainGroup = CC4246CC2CECC26300975C20;
			minimizedProjectReferenceProxies = 1;
			preferredProjectObjectVersion = 77;
			productRefGroup = CC4246D62CECC26300975C20 /* Products */;
			projectDirPath = "";
			projectRoot = "";
			targets = (
				CC4246D42CECC26300975C20 /* EmotionRecognitionApp2 */,
				CC4246E42CECC26400975C20 /* EmotionRecognitionApp2Tests */,
				CC4246EE2CECC26400975C20 /* EmotionRecognitionApp2UITests */,
			);
		};
/* End PBXProject section */

/* Begin PBXResourcesBuildPhase section */
		CC4246D32CECC26300975C20 /* Resources */ = {
			isa = PBXResourcesBuildPhase;
			buildActionMask = 2147483647;
			files = (
			);
			runOnlyForDeploymentPostprocessing = 0;
		};
		CC4246E32CECC26400975C20 /* Resources */ = {
			isa = PBXResourcesBuildPhase;
			buildActionMask = 2147483647;
			files = (
			);
			runOnlyForDeploymentPostprocessing = 0;
		};
		CC4246ED2CECC26400975C20 /* Resources */ = {
			isa = PBXResourcesBuildPhase;
			buildActionMask = 2147483647;
			files = (
			);
			runOnlyForDeploymentPostprocessing = 0;
		};
/* End PBXResourcesBuildPhase section */

/* Begin PBXSourcesBuildPhase section */
		CC4246D12CECC26300975C20 /* Sources */ = {
			isa = PBXSourcesBuildPhase;
			buildActionMask = 2147483647;
			files = (
			);
			runOnlyForDeploymentPostprocessing = 0;
		};
		CC4246E12CECC26400975C20 /* Sources */ = {
			isa = PBXSourcesBuildPhase;
			buildActionMask = 2147483647;
			files = (
			);
			runOnlyForDeploymentPostprocessing = 0;
		};
		CC4246EB2CECC26400975C20 /* Sources */ = {
			isa = PBXSourcesBuildPhase;
			buildActionMask = 2147483647;
			files = (
			);
			runOnlyForDeploymentPostprocessing = 0;
		};
/* End PBXSourcesBuildPhase section */

/* Begin PBXTargetDependency section */
		CC4246E72CECC26400975C20 /* PBXTargetDependency */ = {
			isa = PBXTargetDependency;
			target = CC4246D42CECC26300975C20 /* EmotionRecognitionApp2 */;
			targetProxy = CC4246E62CECC26400975C20 /* PBXContainerItemProxy */;
		};
		CC4246F12CECC26400975C20 /* PBXTargetDependency */ = {
			isa = PBXTargetDependency;
			target = CC4246D42CECC26300975C20 /* EmotionRecognitionApp2 */;
			targetProxy = CC4246F02CECC26400975C20 /* PBXContainerItemProxy */;
		};
/* End PBXTargetDependency section */

/* Begin XCBuildConfiguration section */
		CC4246F72CECC26400975C20 /* Debug */ = {
			isa = XCBuildConfiguration;
			buildSettings = {
				ALWAYS_SEARCH_USER_PATHS = NO;
				ASSETCATALOG_COMPILER_GENERATE_SWIFT_ASSET_SYMBOL_EXTENSIONS = YES;
				CLANG_ANALYZER_NONNULL = YES;
				CLANG_ANALYZER_NUMBER_OBJECT_CONVERSION = YES_AGGRESSIVE;
				CLANG_CXX_LANGUAGE_STANDARD = "gnu++20";
				CLANG_ENABLE_MODULES = YES;
				CLANG_ENABLE_OBJC_ARC = YES;
				CLANG_ENABLE_OBJC_WEAK = YES;
				CLANG_WARN_BLOCK_CAPTURE_AUTORELEASING = YES;
				CLANG_WARN_BOOL_CONVERSION = YES;
				CLANG_WARN_COMMA = YES;
				CLANG_WARN_CONSTANT_CONVERSION = YES;
				CLANG_WARN_DEPRECATED_OBJC_IMPLEMENTATIONS = YES;
				CLANG_WARN_DIRECT_OBJC_ISA_USAGE = YES_ERROR;
				CLANG_WARN_DOCUMENTATION_COMMENTS = YES;
				CLANG_WARN_EMPTY_BODY = YES;
				CLANG_WARN_ENUM_CONVERSION = YES;
				CLANG_WARN_INFINITE_RECURSION = YES;
				CLANG_WARN_INT_CONVERSION = YES;
				CLANG_WARN_NON_LITERAL_NULL_CONVERSION = YES;
				CLANG_WARN_OBJC_IMPLICIT_RETAIN_SELF = YES;
				CLANG_WARN_OBJC_LITERAL_CONVERSION = YES;
				CLANG_WARN_OBJC_ROOT_CLASS = YES_ERROR;
				CLANG_WARN_QUOTED_INCLUDE_IN_FRAMEWORK_HEADER = YES;
				CLANG_WARN_RANGE_LOOP_ANALYSIS = YES;
				CLANG_WARN_STRICT_PROTOTYPES = YES;
				CLANG_WARN_SUSPICIOUS_MOVE = YES;
				CLANG_WARN_UNGUARDED_AVAILABILITY = YES_AGGRESSIVE;
				CLANG_WARN_UNREACHABLE_CODE = YES;
				CLANG_WARN__DUPLICATE_METHOD_MATCH = YES;
				COPY_PHASE_STRIP = NO;
				DEBUG_INFORMATION_FORMAT = dwarf;
				ENABLE_STRICT_OBJC_MSGSEND = YES;
				ENABLE_TESTABILITY = YES;
				ENABLE_USER_SCRIPT_SANDBOXING = YES;
				GCC_C_LANGUAGE_STANDARD = gnu17;
				GCC_DYNAMIC_NO_PIC = NO;
				GCC_NO_COMMON_BLOCKS = YES;
				GCC_OPTIMIZATION_LEVEL = 0;
				GCC_PREPROCESSOR_DEFINITIONS = (
					"DEBUG=1",
					"$(inherited)",
				);
				GCC_WARN_64_TO_32_BIT_CONVERSION = YES;
				GCC_WARN_ABOUT_RETURN_TYPE = YES_ERROR;
				GCC_WARN_UNDECLARED_SELECTOR = YES;
				GCC_WARN_UNINITIALIZED_AUTOS = YES_AGGRESSIVE;
				GCC_WARN_UNUSED_FUNCTION = YES;
				GCC_WARN_UNUSED_VARIABLE = YES;
				IPHONEOS_DEPLOYMENT_TARGET = 18.1;
				LOCALIZATION_PREFERS_STRING_CATALOGS = YES;
				MTL_ENABLE_DEBUG_INFO = INCLUDE_SOURCE;
				MTL_FAST_MATH = YES;
				ONLY_ACTIVE_ARCH = YES;
				SDKROOT = iphoneos;
				SWIFT_ACTIVE_COMPILATION_CONDITIONS = "DEBUG $(inherited)";
				SWIFT_OPTIMIZATION_LEVEL = "-Onone";
			};
			name = Debug;
		};
		CC4246F82CECC26400975C20 /* Release */ = {
			isa = XCBuildConfiguration;
			buildSettings = {
				ALWAYS_SEARCH_USER_PATHS = NO;
				ASSETCATALOG_COMPILER_GENERATE_SWIFT_ASSET_SYMBOL_EXTENSIONS = YES;
				CLANG_ANALYZER_NONNULL = YES;
				CLANG_ANALYZER_NUMBER_OBJECT_CONVERSION = YES_AGGRESSIVE;
				CLANG_CXX_LANGUAGE_STANDARD = "gnu++20";
				CLANG_ENABLE_MODULES = YES;
				CLANG_ENABLE_OBJC_ARC = YES;
				CLANG_ENABLE_OBJC_WEAK = YES;
				CLANG_WARN_BLOCK_CAPTURE_AUTORELEASING = YES;
				CLANG_WARN_BOOL_CONVERSION = YES;
				CLANG_WARN_COMMA = YES;
				CLANG_WARN_CONSTANT_CONVERSION = YES;
				CLANG_WARN_DEPRECATED_OBJC_IMPLEMENTATIONS = YES;
				CLANG_WARN_DIRECT_OBJC_ISA_USAGE = YES_ERROR;
				CLANG_WARN_DOCUMENTATION_COMMENTS = YES;
				CLANG_WARN_EMPTY_BODY = YES;
				CLANG_WARN_ENUM_CONVERSION = YES;
				CLANG_WARN_INFINITE_RECURSION = YES;
				CLANG_WARN_INT_CONVERSION = YES;
				CLANG_WARN_NON_LITERAL_NULL_CONVERSION = YES;
				CLANG_WARN_OBJC_IMPLICIT_RETAIN_SELF = YES;
				CLANG_WARN_OBJC_LITERAL_CONVERSION = YES;
				CLANG_WARN_OBJC_ROOT_CLASS = YES_ERROR;
				CLANG_WARN_QUOTED_INCLUDE_IN_FRAMEWORK_HEADER = YES;
				CLANG_WARN_RANGE_LOOP_ANALYSIS = YES;
				CLANG_WARN_STRICT_PROTOTYPES = YES;
				CLANG_WARN_SUSPICIOUS_MOVE = YES;
				CLANG_WARN_UNGUARDED_AVAILABILITY = YES_AGGRESSIVE;
				CLANG_WARN_UNREACHABLE_CODE = YES;
				CLANG_WARN__DUPLICATE_METHOD_MATCH = YES;
				COPY_PHASE_STRIP = NO;
				DEBUG_INFORMATION_FORMAT = "dwarf-with-dsym";
				ENABLE_NS_ASSERTIONS = NO;
				ENABLE_STRICT_OBJC_MSGSEND = YES;
				ENABLE_USER_SCRIPT_SANDBOXING = YES;
				GCC_C_LANGUAGE_STANDARD = gnu17;
				GCC_NO_COMMON_BLOCKS = YES;
				GCC_WARN_64_TO_32_BIT_CONVERSION = YES;
				GCC_WARN_ABOUT_RETURN_TYPE = YES_ERROR;
				GCC_WARN_UNDECLARED_SELECTOR = YES;
				GCC_WARN_UNINITIALIZED_AUTOS = YES_AGGRESSIVE;
				GCC_WARN_UNUSED_FUNCTION = YES;
				GCC_WARN_UNUSED_VARIABLE = YES;
				IPHONEOS_DEPLOYMENT_TARGET = 18.1;
				LOCALIZATION_PREFERS_STRING_CATALOGS = YES;
				MTL_ENABLE_DEBUG_INFO = NO;
				MTL_FAST_MATH = YES;
				SDKROOT = iphoneos;
				SWIFT_COMPILATION_MODE = wholemodule;
				VALIDATE_PRODUCT = YES;
			};
			name = Release;
		};
		CC4246FA2CECC26400975C20 /* Debug */ = {
			isa = XCBuildConfiguration;
			buildSettings = {
				ASSETCATALOG_COMPILER_APPICON_NAME = AppIcon;
				ASSETCATALOG_COMPILER_GLOBAL_ACCENT_COLOR_NAME = AccentColor;
				CODE_SIGN_STYLE = Automatic;
				CURRENT_PROJECT_VERSION = 1;
				DEVELOPMENT_ASSET_PATHS = "\"EmotionRecognitionApp2/Preview Content\"";
				DEVELOPMENT_TEAM = 6PSM7WZ947;
				ENABLE_PREVIEWS = YES;
				GENERATE_INFOPLIST_FILE = YES;
				INFOPLIST_KEY_NSCameraUsageDescription = "실시간 감정 인식을 위해 카메라를 사용합니다.";
				INFOPLIST_KEY_NSPhotoLibraryAddUsageDescription = "사진첩에 디버깅 이미지를 저장하기 위해 사진첩 접근 권한이 필요합니다.";
				INFOPLIST_KEY_UIApplicationSceneManifest_Generation = YES;
				INFOPLIST_KEY_UIApplicationSupportsIndirectInputEvents = YES;
				INFOPLIST_KEY_UILaunchScreen_Generation = YES;
				INFOPLIST_KEY_UISupportedInterfaceOrientations_iPad = "UIInterfaceOrientationPortrait UIInterfaceOrientationPortraitUpsideDown UIInterfaceOrientationLandscapeLeft UIInterfaceOrientationLandscapeRight";
				INFOPLIST_KEY_UISupportedInterfaceOrientations_iPhone = "UIInterfaceOrientationPortrait UIInterfaceOrientationLandscapeLeft UIInterfaceOrientationLandscapeRight";
				IPHONEOS_DEPLOYMENT_TARGET = 18.0.1;
				LD_RUNPATH_SEARCH_PATHS = (
					"$(inherited)",
					"@executable_path/Frameworks",
				);
				MARKETING_VERSION = 1.0;
				PRODUCT_BUNDLE_IDENTIFIER = peekaboolabs.EmotionRecognitionApp2;
				PRODUCT_NAME = "$(TARGET_NAME)";
				SWIFT_EMIT_LOC_STRINGS = YES;
				SWIFT_VERSION = 5.0;
				TARGETED_DEVICE_FAMILY = "1,2";
			};
			name = Debug;
		};
		CC4246FB2CECC26400975C20 /* Release */ = {
			isa = XCBuildConfiguration;
			buildSettings = {
				ASSETCATALOG_COMPILER_APPICON_NAME = AppIcon;
				ASSETCATALOG_COMPILER_GLOBAL_ACCENT_COLOR_NAME = AccentColor;
				CODE_SIGN_STYLE = Automatic;
				CURRENT_PROJECT_VERSION = 1;
				DEVELOPMENT_ASSET_PATHS = "\"EmotionRecognitionApp2/Preview Content\"";
				DEVELOPMENT_TEAM = 6PSM7WZ947;
				ENABLE_PREVIEWS = YES;
				GENERATE_INFOPLIST_FILE = YES;
				INFOPLIST_KEY_NSCameraUsageDescription = "실시간 감정 인식을 위해 카메라를 사용합니다.";
				INFOPLIST_KEY_NSPhotoLibraryAddUsageDescription = "사진첩에 디버깅 이미지를 저장하기 위해 사진첩 접근 권한이 필요합니다.";
				INFOPLIST_KEY_UIApplicationSceneManifest_Generation = YES;
				INFOPLIST_KEY_UIApplicationSupportsIndirectInputEvents = YES;
				INFOPLIST_KEY_UILaunchScreen_Generation = YES;
				INFOPLIST_KEY_UISupportedInterfaceOrientations_iPad = "UIInterfaceOrientationPortrait UIInterfaceOrientationPortraitUpsideDown UIInterfaceOrientationLandscapeLeft UIInterfaceOrientationLandscapeRight";
				INFOPLIST_KEY_UISupportedInterfaceOrientations_iPhone = "UIInterfaceOrientationPortrait UIInterfaceOrientationLandscapeLeft UIInterfaceOrientationLandscapeRight";
				IPHONEOS_DEPLOYMENT_TARGET = 18.0.1;
				LD_RUNPATH_SEARCH_PATHS = (
					"$(inherited)",
					"@executable_path/Frameworks",
				);
				MARKETING_VERSION = 1.0;
				PRODUCT_BUNDLE_IDENTIFIER = peekaboolabs.EmotionRecognitionApp2;
				PRODUCT_NAME = "$(TARGET_NAME)";
				SWIFT_EMIT_LOC_STRINGS = YES;
				SWIFT_VERSION = 5.0;
				TARGETED_DEVICE_FAMILY = "1,2";
			};
			name = Release;
		};
		CC4246FD2CECC26400975C20 /* Debug */ = {
			isa = XCBuildConfiguration;
			buildSettings = {
				BUNDLE_LOADER = "$(TEST_HOST)";
				CODE_SIGN_STYLE = Automatic;
				CURRENT_PROJECT_VERSION = 1;
				DEVELOPMENT_TEAM = 6PSM7WZ947;
				GENERATE_INFOPLIST_FILE = YES;
				IPHONEOS_DEPLOYMENT_TARGET = 18.1;
				MARKETING_VERSION = 1.0;
				PRODUCT_BUNDLE_IDENTIFIER = peekaboolabs.EmotionRecognitionApp2Tests;
				PRODUCT_NAME = "$(TARGET_NAME)";
				SWIFT_EMIT_LOC_STRINGS = NO;
				SWIFT_VERSION = 5.0;
				TARGETED_DEVICE_FAMILY = "1,2";
				TEST_HOST = "$(BUILT_PRODUCTS_DIR)/EmotionRecognitionApp2.app/$(BUNDLE_EXECUTABLE_FOLDER_PATH)/EmotionRecognitionApp2";
			};
			name = Debug;
		};
		CC4246FE2CECC26400975C20 /* Release */ = {
			isa = XCBuildConfiguration;
			buildSettings = {
				BUNDLE_LOADER = "$(TEST_HOST)";
				CODE_SIGN_STYLE = Automatic;
				CURRENT_PROJECT_VERSION = 1;
				DEVELOPMENT_TEAM = 6PSM7WZ947;
				GENERATE_INFOPLIST_FILE = YES;
				IPHONEOS_DEPLOYMENT_TARGET = 18.1;
				MARKETING_VERSION = 1.0;
				PRODUCT_BUNDLE_IDENTIFIER = peekaboolabs.EmotionRecognitionApp2Tests;
				PRODUCT_NAME = "$(TARGET_NAME)";
				SWIFT_EMIT_LOC_STRINGS = NO;
				SWIFT_VERSION = 5.0;
				TARGETED_DEVICE_FAMILY = "1,2";
				TEST_HOST = "$(BUILT_PRODUCTS_DIR)/EmotionRecognitionApp2.app/$(BUNDLE_EXECUTABLE_FOLDER_PATH)/EmotionRecognitionApp2";
			};
			name = Release;
		};
		CC4247002CECC26400975C20 /* Debug */ = {
			isa = XCBuildConfiguration;
			buildSettings = {
				CODE_SIGN_STYLE = Automatic;
				CURRENT_PROJECT_VERSION = 1;
				DEVELOPMENT_TEAM = 6PSM7WZ947;
				GENERATE_INFOPLIST_FILE = YES;
				MARKETING_VERSION = 1.0;
				PRODUCT_BUNDLE_IDENTIFIER = peekaboolabs.EmotionRecognitionApp2UITests;
				PRODUCT_NAME = "$(TARGET_NAME)";
				SWIFT_EMIT_LOC_STRINGS = NO;
				SWIFT_VERSION = 5.0;
				TARGETED_DEVICE_FAMILY = "1,2";
				TEST_TARGET_NAME = EmotionRecognitionApp2;
			};
			name = Debug;
		};
		CC4247012CECC26400975C20 /* Release */ = {
			isa = XCBuildConfiguration;
			buildSettings = {
				CODE_SIGN_STYLE = Automatic;
				CURRENT_PROJECT_VERSION = 1;
				DEVELOPMENT_TEAM = 6PSM7WZ947;
				GENERATE_INFOPLIST_FILE = YES;
				MARKETING_VERSION = 1.0;
				PRODUCT_BUNDLE_IDENTIFIER = peekaboolabs.EmotionRecognitionApp2UITests;
				PRODUCT_NAME = "$(TARGET_NAME)";
				SWIFT_EMIT_LOC_STRINGS = NO;
				SWIFT_VERSION = 5.0;
				TARGETED_DEVICE_FAMILY = "1,2";
				TEST_TARGET_NAME = EmotionRecognitionApp2;
			};
			name = Release;
		};
/* End XCBuildConfiguration section */

/* Begin XCConfigurationList section */
		CC4246D02CECC26300975C20 /* Build configuration list for PBXProject "EmotionRecognitionApp2" */ = {
			isa = XCConfigurationList;
			buildConfigurations = (
				CC4246F72CECC26400975C20 /* Debug */,
				CC4246F82CECC26400975C20 /* Release */,
			);
			defaultConfigurationIsVisible = 0;
			defaultConfigurationName = Release;
		};
		CC4246F92CECC26400975C20 /* Build configuration list for PBXNativeTarget "EmotionRecognitionApp2" */ = {
			isa = XCConfigurationList;
			buildConfigurations = (
				CC4246FA2CECC26400975C20 /* Debug */,
				CC4246FB2CECC26400975C20 /* Release */,
			);
			defaultConfigurationIsVisible = 0;
			defaultConfigurationName = Release;
		};
		CC4246FC2CECC26400975C20 /* Build configuration list for PBXNativeTarget "EmotionRecognitionApp2Tests" */ = {
			isa = XCConfigurationList;
			buildConfigurations = (
				CC4246FD2CECC26400975C20 /* Debug */,
				CC4246FE2CECC26400975C20 /* Release */,
			);
			defaultConfigurationIsVisible = 0;
			defaultConfigurationName = Release;
		};
		CC4246FF2CECC26400975C20 /* Build configuration list for PBXNativeTarget "EmotionRecognitionApp2UITests" */ = {
			isa = XCConfigurationList;
			buildConfigurations = (
				CC4247002CECC26400975C20 /* Debug */,
				CC4247012CECC26400975C20 /* Release */,
			);
			defaultConfigurationIsVisible = 0;
			defaultConfigurationName = Release;
		};
/* End XCConfigurationList section */
	};
	rootObject = CC4246CD2CECC26300975C20 /* Project object */;
}
